
Microsoft Visual Studio Solution File, Format Version 12.00
# Visual Studio Version 17
VisualStudioVersion = 17.3.32929.385
MinimumVisualStudioVersion = 10.0.40219.1
Project("{FAE04EC0-301F-11D3-BF4B-00C04F79EFBC}") = "Projekt", "Projekt\Projekt.csproj", "{429F3A11-BC06-4336-A54A-447C0F419090}"
EndProject
Global
	GlobalSection(SolutionConfigurationPlatforms) = preSolution
		Debug|Any CPU = Debug|Any CPU
		Release|Any CPU = Release|Any CPU
	EndGlobalSection
	GlobalSection(ProjectConfigurationPlatforms) = postSolution
		{429F3A11-BC06-4336-A54A-447C0F419090}.Debug|Any CPU.ActiveCfg = Debug|Any CPU
		{429F3A11-BC06-4336-A54A-447C0F419090}.Debug|Any CPU.Build.0 = Debug|Any CPU
		{429F3A11-BC06-4336-A54A-447C0F419090}.Release|Any CPU.ActiveCfg = Release|Any CPU
		{429F3A11-BC06-4336-A54A-447C0F419090}.Release|Any CPU.Build.0 = Release|Any CPU
	EndGlobalSection
	GlobalSection(SolutionProperties) = preSolution
		HideSolutionNode = FALSE
	EndGlobalSection
	GlobalSection(ExtensibilityGlobals) = postSolution
		SolutionGuid = {AC04274D-E0B6-41FF-8C7E-EA38EC7EB71F}
	EndGlobalSection
EndGlobal
